
Microsoft Visual Studio Solution File, Format Version 12.00
# Visual Studio 15
VisualStudioVersion = 15.0.28307.102
MinimumVisualStudioVersion = 10.0.40219.1
Project("{FAE04EC0-301F-11D3-BF4B-00C04F79EFBC}") = "HotelBell", "HotelBell\HotelBell.csproj", "{995B7398-29BF-4ED7-B65A-725020CA4A97}"
EndProject
Global
	GlobalSection(SolutionConfigurationPlatforms) = preSolution
		Debug|Any CPU = Debug|Any CPU
		Release|Any CPU = Release|Any CPU
	EndGlobalSection
	GlobalSection(ProjectConfigurationPlatforms) = postSolution
		{995B7398-29BF-4ED7-B65A-725020CA4A97}.Debug|Any CPU.ActiveCfg = Debug|Any CPU
		{995B7398-29BF-4ED7-B65A-725020CA4A97}.Debug|Any CPU.Build.0 = Debug|Any CPU
		{995B7398-29BF-4ED7-B65A-725020CA4A97}.Release|Any CPU.ActiveCfg = Release|Any CPU
		{995B7398-29BF-4ED7-B65A-725020CA4A97}.Release|Any CPU.Build.0 = Release|Any CPU
	EndGlobalSection
	GlobalSection(SolutionProperties) = preSolution
		HideSolutionNode = FALSE
	EndGlobalSection
	GlobalSection(ExtensibilityGlobals) = postSolution
		SolutionGuid = {E1E341CF-ED72-4965-AABC-FB30CE2EC8F1}
	EndGlobalSection
EndGlobal
